
Microsoft Visual Studio Solution File, Format Version 12.00
# Visual Studio Version 17
VisualStudioVersion = 17.8.34309.116
MinimumVisualStudioVersion = 10.0.40219.1
Project("{FAE04EC0-301F-11D3-BF4B-00C04F79EFBC}") = "App.Ecommerce", "App.Ecommerce.csproj", "{93092882-98DD-42F2-BBF1-84B8C0C268C2}"
EndProject
Project("{FAE04EC0-301F-11D3-BF4B-00C04F79EFBC}") = "App.Admin", "..\App.Admin\App.Admin.csproj", "{424C39E7-CE15-4DAE-A81D-D36FA85B453C}"
EndProject
Project("{FAE04EC0-301F-11D3-BF4B-00C04F79EFBC}") = "ViewTemplate", "..\ViewTemplate\ViewTemplate.csproj", "{07441D26-6CA2-405B-A6CC-B2C46A87B369}"
EndProject
Global
	GlobalSection(SolutionConfigurationPlatforms) = preSolution
		Debug|Any CPU = Debug|Any CPU
		Release|Any CPU = Release|Any CPU
	EndGlobalSection
	GlobalSection(ProjectConfigurationPlatforms) = postSolution
		{93092882-98DD-42F2-BBF1-84B8C0C268C2}.Debug|Any CPU.ActiveCfg = Debug|Any CPU
		{93092882-98DD-42F2-BBF1-84B8C0C268C2}.Debug|Any CPU.Build.0 = Debug|Any CPU
		{93092882-98DD-42F2-BBF1-84B8C0C268C2}.Release|Any CPU.ActiveCfg = Release|Any CPU
		{93092882-98DD-42F2-BBF1-84B8C0C268C2}.Release|Any CPU.Build.0 = Release|Any CPU
		{424C39E7-CE15-4DAE-A81D-D36FA85B453C}.Debug|Any CPU.ActiveCfg = Debug|Any CPU
		{424C39E7-CE15-4DAE-A81D-D36FA85B453C}.Debug|Any CPU.Build.0 = Debug|Any CPU
		{424C39E7-CE15-4DAE-A81D-D36FA85B453C}.Release|Any CPU.ActiveCfg = Release|Any CPU
		{424C39E7-CE15-4DAE-A81D-D36FA85B453C}.Release|Any CPU.Build.0 = Release|Any CPU
		{07441D26-6CA2-405B-A6CC-B2C46A87B369}.Debug|Any CPU.ActiveCfg = Debug|Any CPU
		{07441D26-6CA2-405B-A6CC-B2C46A87B369}.Debug|Any CPU.Build.0 = Debug|Any CPU
		{07441D26-6CA2-405B-A6CC-B2C46A87B369}.Release|Any CPU.ActiveCfg = Release|Any CPU
		{07441D26-6CA2-405B-A6CC-B2C46A87B369}.Release|Any CPU.Build.0 = Release|Any CPU
	EndGlobalSection
	GlobalSection(SolutionProperties) = preSolution
		HideSolutionNode = FALSE
	EndGlobalSection
	GlobalSection(ExtensibilityGlobals) = postSolution
		SolutionGuid = {35174D98-F496-42DA-AF19-1BA8FCA4A892}
	EndGlobalSection
EndGlobal
